PODS:
  - LaunchAnimation (0.2.0)
  - SDWebImage (3.8.1):
    - SDWebImage/Core (= 3.8.1)
  - SDWebImage/Core (3.8.1)

DEPENDENCIES:
  - LaunchAnimation (~> 0.2.0)
  - SDWebImage (~> 3.8.1)

SPEC CHECKSUMS:
  LaunchAnimation: c2835e33cd6042350e4084a8d5ee1620a8ede61b
  SDWebImage: 35f9627a3e44b4f292a8a8ce6a531fa488239b91

PODFILE CHECKSUM: b693ff802cc634859d1065fffb3f15872a7a7aee

COCOAPODS: 1.0.1
